
Microsoft Visual Studio Solution File, Format Version 12.00
# Visual Studio Version 16
VisualStudioVersion = 16.0.30804.86
MinimumVisualStudioVersion = 10.0.40219.1
Project("{9A19103F-16F7-4668-BE54-9A1E7A4F7556}") = "GraphicalUserInterface", "GraphicalUserInterface\GraphicalUserInterface.csproj", "{63BF6D01-E399-41BC-8D47-D86AA587FCDD}"
EndProject
Project("{FAE04EC0-301F-11D3-BF4B-00C04F79EFBC}") = "Example", "Example\Example.csproj", "{CAEE4945-4629-40D9-87CE-10B824F231C8}"
EndProject
Global
	GlobalSection(SolutionConfigurationPlatforms) = preSolution
		Debug|Any CPU = Debug|Any CPU
		Release|Any CPU = Release|Any CPU
	EndGlobalSection
	GlobalSection(ProjectConfigurationPlatforms) = postSolution
		{63BF6D01-E399-41BC-8D47-D86AA587FCDD}.Debug|Any CPU.ActiveCfg = Debug|Any CPU
		{63BF6D01-E399-41BC-8D47-D86AA587FCDD}.Debug|Any CPU.Build.0 = Debug|Any CPU
		{63BF6D01-E399-41BC-8D47-D86AA587FCDD}.Release|Any CPU.ActiveCfg = Release|Any CPU
		{63BF6D01-E399-41BC-8D47-D86AA587FCDD}.Release|Any CPU.Build.0 = Release|Any CPU
		{CAEE4945-4629-40D9-87CE-10B824F231C8}.Debug|Any CPU.ActiveCfg = Debug|Any CPU
		{CAEE4945-4629-40D9-87CE-10B824F231C8}.Debug|Any CPU.Build.0 = Debug|Any CPU
		{CAEE4945-4629-40D9-87CE-10B824F231C8}.Release|Any CPU.ActiveCfg = Release|Any CPU
		{CAEE4945-4629-40D9-87CE-10B824F231C8}.Release|Any CPU.Build.0 = Release|Any CPU
	EndGlobalSection
	GlobalSection(SolutionProperties) = preSolution
		HideSolutionNode = FALSE
	EndGlobalSection
	GlobalSection(ExtensibilityGlobals) = postSolution
		SolutionGuid = {691768D7-F383-4ABF-9054-ACFC12E88A42}
	EndGlobalSection
EndGlobal
